
Microsoft Visual Studio Solution File, Format Version 12.00
# Visual Studio Version 17
VisualStudioVersion = 17.8.34330.188
MinimumVisualStudioVersion = 10.0.40219.1
Project("{FAE04EC0-301F-11D3-BF4B-00C04F79EFBC}") = "tesestt", "tesestt\tesestt.csproj", "{198B8A3D-C505-47B9-951D-86FFA1D8BF72}"
EndProject
Global
	GlobalSection(SolutionConfigurationPlatforms) = preSolution
		Debug|Any CPU = Debug|Any CPU
		Release|Any CPU = Release|Any CPU
	EndGlobalSection
	GlobalSection(ProjectConfigurationPlatforms) = postSolution
		{198B8A3D-C505-47B9-951D-86FFA1D8BF72}.Debug|Any CPU.ActiveCfg = Debug|Any CPU
		{198B8A3D-C505-47B9-951D-86FFA1D8BF72}.Debug|Any CPU.Build.0 = Debug|Any CPU
		{198B8A3D-C505-47B9-951D-86FFA1D8BF72}.Release|Any CPU.ActiveCfg = Release|Any CPU
		{198B8A3D-C505-47B9-951D-86FFA1D8BF72}.Release|Any CPU.Build.0 = Release|Any CPU
	EndGlobalSection
	GlobalSection(SolutionProperties) = preSolution
		HideSolutionNode = FALSE
	EndGlobalSection
	GlobalSection(ExtensibilityGlobals) = postSolution
		SolutionGuid = {AA42CEBA-6C5F-4A06-B9A0-23D3E17C73F5}
	EndGlobalSection
EndGlobal
